# THIS IS AN AUTOGENERATED FILE. DO NOT EDIT THIS FILE DIRECTLY.
# yarn lockfile v1


"@ledgerhq/cryptoassets@^5.46.0":
  version "5.46.0"
  resolved "https://registry.yarnpkg.com/@ledgerhq/cryptoassets/-/cryptoassets-5.46.0.tgz#a363bdc476a62c38d5ad4925e3281bd5a35d42b7"
  integrity sha512-uvdNC2uMmC5l3Fbqz6Kn+Z/PU0LHu6KZBHWR3HKOqDr45CzvYejeMA+dE6nYYUc+rD6zXzfGMLtf7UkJSc+cFQ==
  dependencies:
    invariant "2"

"@ledgerhq/devices@^5.46.0":
  version "5.46.0"
  resolved "https://registry.yarnpkg.com/@ledgerhq/devices/-/devices-5.46.0.tgz#0b9a76e02ebd0fbbf5cee253ccae3ee89a0dba1a"
  integrity sha512-bQ9YVR0xocVv8sXDiKMabXauLpn870Su71RwumuG9z4o7f/8s710/5NEh7K11mmNJ7ztJsgDeqXq7ai2ZqilUw==
  dependencies:
    "@ledgerhq/errors" "^5.46.0"
    "@ledgerhq/logs" "^5.46.0"
    rxjs "^6.6.6"
    semver "^7.3.4"

"@ledgerhq/errors@^5.46.0":
  version "5.46.0"
  resolved "https://registry.yarnpkg.com/@ledgerhq/errors/-/errors-5.46.0.tgz#573e1c758dce36acf5f414278d8b5970f45fe2b8"
  integrity sha512-1/q/Tqv+aznX/rO3kdpg3Hv7O3xv68dWHkcfai8BZGTdTIwh6vdguFsdUNJ7eiNxEMKNA9gU+p78ZS/PDzoitQ==

"@ledgerhq/hw-transport@^5.46.0":
  version "5.46.0"
  resolved "https://registry.yarnpkg.com/@ledgerhq/hw-transport/-/hw-transport-5.46.0.tgz#b4ad6432b8aef29069554c8d2d5d095f26719bbc"
  integrity sha512-iROB4eowxR7Bg67MEH+OlIsfN+UIjNLULr+A74gEFtMpHB3jvVc/aeq2gezv4fIueQQWV9X5IgNsxkPBI0vgtw==
  dependencies:
    "@ledgerhq/devices" "^5.46.0"
    "@ledgerhq/errors" "^5.46.0"
    events "^3.3.0"

"@ledgerhq/logs@^5.46.0":
  version "5.46.0"
  resolved "https://registry.yarnpkg.com/@ledgerhq/logs/-/logs-5.46.0.tgz#fc850416716d77090c1c5a8c186118561fbd8d8b"
  integrity sha512-WiFy1uwRhcqkj6aTSha532Nl6Gdsv5GN+Nsbp7pY66Zg+6WUE/SBmpwHEJfEXzEfARI5+A718a3trGinY6Dftg==

bignumber.js@^9.0.1:
  version "9.0.1"
  resolved "https://registry.yarnpkg.com/bignumber.js/-/bignumber.js-9.0.1.tgz#8d7ba124c882bfd8e43260c67475518d0689e4e5"
  integrity sha512-IdZR9mh6ahOBv/hYGiXyVuyCetmGJhtYkqLBpTStdhEGjegpPlUawydyaF3pbIOFynJTpllEs+NP+CS9jKFLjA==

bn.js@^4.11.1:
  version "4.12.0"
  resolved "https://registry.yarnpkg.com/bn.js/-/bn.js-4.12.0.tgz#775b3f278efbb9718eec7361f483fb36fbbfea88"
  integrity sha512-c98Bf3tPniI+scsdk237ku1Dc3ujXQTSgyiPUDEOe7tRkhrqridvh8klBv0HCEso1OLOYcHuCv/cS6DNxKH+ZA==

events@^3.3.0:
  version "3.3.0"
  resolved "https://registry.yarnpkg.com/events/-/events-3.3.0.tgz#31a95ad0a924e2d2c419a813aeb2c4e878ea7400"
  integrity sha512-mQw+2fkQbALzQ7V0MY0IqdnXNOeTtP4r0lN9z7AAawCXgqea7bDii20AYrIBrFd/Hx0M2Ocz6S111CaFkUcb0Q==

flow-bin@^0.146.0:
  version "0.146.0"
  resolved "https://registry.yarnpkg.com/flow-bin/-/flow-bin-0.146.0.tgz#fafa002663a0e13bf3c08c3972dd93d68289ccc6"
  integrity sha512-TP8eCwltqc7fo6ad5klgsrZ2veZIK2qM1vHf1A/cnXTStPh8hLAz1cOXmlQIFZR/7fjSMI39TS3CgF6M/HUhAw==

invariant@2:
  version "2.2.4"
  resolved "https://registry.yarnpkg.com/invariant/-/invariant-2.2.4.tgz#610f3c92c9359ce1db616e538008d23ff35158e6"
  integrity sha512-phJfQVBuaJM5raOpJjSfkiD6BpbCE4Ns//LaXl6wGYtUBY83nWS6Rf9tXm2e8VaK60JEjYldbPif/A2B1C2gNA==
  dependencies:
    loose-envify "^1.0.0"

"js-tokens@^3.0.0 || ^4.0.0":
  version "4.0.0"
  resolved "https://registry.yarnpkg.com/js-tokens/-/js-tokens-4.0.0.tgz#19203fb59991df98e3a287050d4647cdeaf32499"
  integrity sha512-RdJUflcE3cUzKiMqQgsCu06FPu9UdIJO0beYbPhHN4k6apgJtifcoCtT9bcxOpYBtpD2kCM6Sbzg4CausW/PKQ==

loose-envify@^1.0.0:
  version "1.4.0"
  resolved "https://registry.yarnpkg.com/loose-envify/-/loose-envify-1.4.0.tgz#71ee51fa7be4caec1a63839f7e682d8132d30caf"
  integrity sha512-lyuxPGr/Wfhrlem2CL/UcnUc1zcqKAImBDzukY7Y5F/yQiNdko6+fRLevlw1HgMySw7f611UIY408EtxRSoK3Q==
  dependencies:
    js-tokens "^3.0.0 || ^4.0.0"

lru-cache@^6.0.0:
  version "6.0.0"
  resolved "https://registry.yarnpkg.com/lru-cache/-/lru-cache-6.0.0.tgz#6d6fe6570ebd96aaf90fcad1dafa3b2566db3a94"
  integrity sha512-Jo6dJ04CmSjuznwJSS3pUeWmd/H0ffTlkXXgwZi+eq1UCmqQwCh+eLsYOYCwY991i2Fah4h1BEMCx4qThGbsiA==
  dependencies:
    yallist "^4.0.0"

rlp@^2.2.6:
  version "2.2.6"
  resolved "https://registry.yarnpkg.com/rlp/-/rlp-2.2.6.tgz#c80ba6266ac7a483ef1e69e8e2f056656de2fb2c"
  integrity sha512-HAfAmL6SDYNWPUOJNrM500x4Thn4PZsEy5pijPh40U9WfNk0z15hUYzO9xVIMAdIHdFtD8CBDHd75Td1g36Mjg==
  dependencies:
    bn.js "^4.11.1"

rxjs@^6.6.6:
  version "6.6.6"
  resolved "https://registry.yarnpkg.com/rxjs/-/rxjs-6.6.6.tgz#14d8417aa5a07c5e633995b525e1e3c0dec03b70"
  integrity sha512-/oTwee4N4iWzAMAL9xdGKjkEHmIwupR3oXbQjCKywF1BeFohswF3vZdogbmEF6pZkOsXTzWkrZszrWpQTByYVg==
  dependencies:
    tslib "^1.9.0"

semver@^7.3.4:
  version "7.3.4"
  resolved "https://registry.yarnpkg.com/semver/-/semver-7.3.4.tgz#27aaa7d2e4ca76452f98d3add093a72c943edc97"
  integrity sha512-tCfb2WLjqFAtXn4KEdxIhalnRtoKFN7nAwj0B3ZXCbQloV2tq5eDbcTmT68JJD3nRJq24/XgxtQKFIpQdtvmVw==
  dependencies:
    lru-cache "^6.0.0"

tslib@^1.9.0:
  version "1.14.1"
  resolved "https://registry.yarnpkg.com/tslib/-/tslib-1.14.1.tgz#cf2d38bdc34a134bcaf1091c41f6619e2f672d00"
  integrity sha512-Xni35NKzjgMrwevysHTCArtLDpPvye8zV/0E4EyYn43P7/7qvQwPh9BGkHewbMulVntbigmcT7rdX3BNo9wRJg==

yallist@^4.0.0:
  version "4.0.0"
  resolved "https://registry.yarnpkg.com/yallist/-/yallist-4.0.0.tgz#9bb92790d9c0effec63be73519e11a35019a3a72"
  integrity sha512-3wdGidZyq5PB084XLES5TpOSRA3wjXAlIWMhum2kRcv/41Sn2emQ0dycQW4uZXLejwKvg6EsvbdlVL+FYEct7A==
